
Microsoft Visual Studio Solution File, Format Version 12.00
# Visual Studio Version 16
VisualStudioVersion = 16.0.30204.135
MinimumVisualStudioVersion = 10.0.40219.1
Project("{FAE04EC0-301F-11D3-BF4B-00C04F79EFBC}") = "WPFTuts", "WPFTuts.csproj", "{7F9BCBBC-56EB-4EB5-B926-9D7F16C67F30}"
EndProject
Global
	GlobalSection(SolutionConfigurationPlatforms) = preSolution
		Debug|Any CPU = Debug|Any CPU
		Release|Any CPU = Release|Any CPU
	EndGlobalSection
	GlobalSection(ProjectConfigurationPlatforms) = postSolution
		{7F9BCBBC-56EB-4EB5-B926-9D7F16C67F30}.Debug|Any CPU.ActiveCfg = Debug|Any CPU
		{7F9BCBBC-56EB-4EB5-B926-9D7F16C67F30}.Debug|Any CPU.Build.0 = Debug|Any CPU
		{7F9BCBBC-56EB-4EB5-B926-9D7F16C67F30}.Release|Any CPU.ActiveCfg = Release|Any CPU
		{7F9BCBBC-56EB-4EB5-B926-9D7F16C67F30}.Release|Any CPU.Build.0 = Release|Any CPU
	EndGlobalSection
	GlobalSection(SolutionProperties) = preSolution
		HideSolutionNode = FALSE
	EndGlobalSection
	GlobalSection(ExtensibilityGlobals) = postSolution
		SolutionGuid = {DE4F2793-9079-4D1D-BEE7-705225A35196}
	EndGlobalSection
EndGlobal
